
Microsoft Visual Studio Solution File, Format Version 12.00
# Visual Studio Version 16
VisualStudioVersion = 16.0.29306.81
MinimumVisualStudioVersion = 10.0.40219.1
Project("{8BC9CEB8-8B4A-11D0-8D11-00A0C91BC942}") = "Pepper", "Pepper\Pepper.vcxproj", "{F667DFFD-7C78-478C-AEBB-B9E183D19580}"
EndProject
Global
	GlobalSection(SolutionConfigurationPlatforms) = preSolution
		Debug|x64 = Debug|x64
		Release|x64 = Release|x64
	EndGlobalSection
	GlobalSection(ProjectConfigurationPlatforms) = postSolution
		{F667DFFD-7C78-478C-AEBB-B9E183D19580}.Debug|x64.ActiveCfg = Debug|x64
		{F667DFFD-7C78-478C-AEBB-B9E183D19580}.Debug|x64.Build.0 = Debug|x64
		{F667DFFD-7C78-478C-AEBB-B9E183D19580}.Release|x64.ActiveCfg = Release|x64
		{F667DFFD-7C78-478C-AEBB-B9E183D19580}.Release|x64.Build.0 = Release|x64
	EndGlobalSection
	GlobalSection(SolutionProperties) = preSolution
		HideSolutionNode = FALSE
	EndGlobalSection
	GlobalSection(ExtensibilityGlobals) = postSolution
		SolutionGuid = {AABFC8DF-FB94-4A7B-A54C-1FC6B9390F00}
		BuildVersion_StartDate = 2000/1/1
		BuildVersion_BuildVersioningStyle = DeltaBaseDate.TimeStamp.None.None
		BuildVersion_UpdateAssemblyVersion = True
		BuildVersion_UpdateFileVersion = True
		BuildVersion_ReplaceNonNumerics = False
		BuildVersion_ConfigurationName = Release
		BuildVersion_UseGlobalSettings = True
		BuildVersion_UseUniversalClock = True
	EndGlobalSection
EndGlobal
