<?xml version="1.0" encoding="utf-8"?>
<Project ToolsVersion="4.0" xmlns="http://schemas.microsoft.com/developer/msbuild/2003">
  <ItemGroup>
    <ClCompile Include="ChildFrm.cpp">
      <Filter>Source Files</Filter>
    </ClCompile>
    <ClCompile Include="MainFrm.cpp">
      <Filter>Source Files</Filter>
    </ClCompile>
    <ClCompile Include="Pepper.cpp">
      <Filter>Source Files</Filter>
    </ClCompile>
    <ClCompile Include="PepperDoc.cpp">
      <Filter>Source Files</Filter>
    </ClCompile>
    <ClCompile Include="SplitterEx.cpp">
      <Filter>Source Files</Filter>
    </ClCompile>
    <ClCompile Include="stdafx.cpp">
      <Filter>Source Files</Filter>
    </ClCompile>
    <ClCompile Include="TreeEx.cpp">
      <Filter>Source Files</Filter>
    </ClCompile>
    <ClCompile Include="ViewLeft.cpp">
      <Filter>Source Files</Filter>
    </ClCompile>
    <ClCompile Include="ViewRightBL.cpp">
      <Filter>Source Files</Filter>
    </ClCompile>
    <ClCompile Include="ViewRightBR.cpp">
      <Filter>Source Files</Filter>
    </ClCompile>
    <ClCompile Include="ViewRightTL.cpp">
      <Filter>Source Files</Filter>
    </ClCompile>
    <ClCompile Include="ViewRightTR.cpp">
      <Filter>Source Files</Filter>
    </ClCompile>
    <ClCompile Include="FileLoader.cpp">
      <Filter>Source Files</Filter>
    </ClCompile>
    <ClCompile Include="ListEx\src\CListEx.cpp">
      <Filter>ListEx\src</Filter>
    </ClCompile>
    <ClCompile Include="ListEx\src\CListExHdr.cpp">
      <Filter>ListEx\src</Filter>
    </ClCompile>
  </ItemGroup>
  <ItemGroup>
    <ClInclude Include="include\ChildFrm.h">
      <Filter>Header Files</Filter>
    </ClInclude>
    <ClInclude Include="include\Utility.h">
      <Filter>Header Files</Filter>
    </ClInclude>
    <ClInclude Include="include\Pepper.h">
      <Filter>Header Files</Filter>
    </ClInclude>
    <ClInclude Include="include\PepperDoc.h">
      <Filter>Header Files</Filter>
    </ClInclude>
    <ClInclude Include="include\stdafx.h">
      <Filter>Header Files</Filter>
    </ClInclude>
    <ClInclude Include="include\ViewLeft.h">
      <Filter>Header Files</Filter>
    </ClInclude>
    <ClInclude Include="include\ViewRightBL.h">
      <Filter>Header Files</Filter>
    </ClInclude>
    <ClInclude Include="include\ViewRightBR.h">
      <Filter>Header Files</Filter>
    </ClInclude>
    <ClInclude Include="include\ViewRightTL.h">
      <Filter>Header Files</Filter>
    </ClInclude>
    <ClInclude Include="include\ViewRightTR.h">
      <Filter>Header Files</Filter>
    </ClInclude>
    <ClInclude Include="include\TreeEx.h">
      <Filter>Header Files</Filter>
    </ClInclude>
    <ClInclude Include="include\SplitterEx.h">
      <Filter>Header Files</Filter>
    </ClInclude>
    <ClInclude Include="include\MainFrm.h">
      <Filter>Header Files</Filter>
    </ClInclude>
    <ClInclude Include="res\resource.h">
      <Filter>Resource Files</Filter>
    </ClInclude>
    <ClInclude Include="include\FileLoader.h">
      <Filter>Header Files</Filter>
    </ClInclude>
    <ClInclude Include="ListEx\ListEx.h">
      <Filter>ListEx</Filter>
    </ClInclude>
    <ClInclude Include="ListEx\src\CListEx.h">
      <Filter>ListEx\src</Filter>
    </ClInclude>
    <ClInclude Include="ListEx\src\CListExHdr.h">
      <Filter>ListEx\src</Filter>
    </ClInclude>
  </ItemGroup>
  <ItemGroup>
    <ResourceCompile Include="res\Pepper.rc">
      <Filter>Resource Files</Filter>
    </ResourceCompile>
  </ItemGroup>
  <ItemGroup>
    <Image Include="res\Pepper.ico">
      <Filter>Resource Files</Filter>
    </Image>
    <Image Include="res\Toolbar256.bmp">
      <Filter>Resource Files</Filter>
    </Image>
    <Image Include="res\TreeMain_Dirs.ico">
      <Filter>Resource Files</Filter>
    </Image>
    <Image Include="res\TreeMain_Header.ico">
      <Filter>Resource Files</Filter>
    </Image>
  </ItemGroup>
  <ItemGroup>
    <Filter Include="Header Files">
      <UniqueIdentifier>{dd9e5743-0eb7-4288-b086-f07ca7d4d94b}</UniqueIdentifier>
    </Filter>
    <Filter Include="Source Files">
      <UniqueIdentifier>{cd13bbc1-cc1d-4c32-9266-cb1c8f9860a0}</UniqueIdentifier>
    </Filter>
    <Filter Include="Resource Files">
      <UniqueIdentifier>{1c6366ad-b8eb-472e-8430-81d16a2baf60}</UniqueIdentifier>
    </Filter>
    <Filter Include="ListEx">
      <UniqueIdentifier>{0a64e748-b993-4684-bad2-e0f78d571c65}</UniqueIdentifier>
    </Filter>
    <Filter Include="ListEx\src">
      <UniqueIdentifier>{800c295d-05bb-4244-b815-c17969a20963}</UniqueIdentifier>
    </Filter>
  </ItemGroup>
  <ItemGroup>
    <None Include="res\Pepper.rc2">
      <Filter>Resource Files</Filter>
    </None>
  </ItemGroup>
</Project>