<?xml version="1.0" encoding="utf-8"?>
<Project ToolsVersion="4.0" xmlns="http://schemas.microsoft.com/developer/msbuild/2003">
  <ItemGroup>
    <ClCompile Include="ChildFrm.cpp">
      <Filter>Source Files</Filter>
    </ClCompile>
    <ClCompile Include="MainFrm.cpp">
      <Filter>Source Files</Filter>
    </ClCompile>
    <ClCompile Include="Pepper.cpp">
      <Filter>Source Files</Filter>
    </ClCompile>
    <ClCompile Include="PepperDoc.cpp">
      <Filter>Source Files</Filter>
    </ClCompile>
    <ClCompile Include="CSplitterEx.cpp">
      <Filter>Source Files</Filter>
    </ClCompile>
    <ClCompile Include="stdafx.cpp">
      <Filter>Source Files</Filter>
    </ClCompile>
    <ClCompile Include="CTreeEx.cpp">
      <Filter>Source Files</Filter>
    </ClCompile>
    <ClCompile Include="CViewLeft.cpp">
      <Filter>Source Files</Filter>
    </ClCompile>
    <ClCompile Include="CViewRightBL.cpp">
      <Filter>Source Files</Filter>
    </ClCompile>
    <ClCompile Include="CViewRightBR.cpp">
      <Filter>Source Files</Filter>
    </ClCompile>
    <ClCompile Include="CViewRightTL.cpp">
      <Filter>Source Files</Filter>
    </ClCompile>
    <ClCompile Include="CViewRightTR.cpp">
      <Filter>Source Files</Filter>
    </ClCompile>
    <ClCompile Include="CFileLoader.cpp">
      <Filter>Source Files</Filter>
    </ClCompile>
    <ClCompile Include="ListEx\src\CListEx.cpp">
      <Filter>ListEx\src</Filter>
    </ClCompile>
    <ClCompile Include="ListEx\src\CListExHdr.cpp">
      <Filter>ListEx\src</Filter>
    </ClCompile>
    <ClCompile Include="subm\libpe\src\libpe.cpp">
      <Filter>libpe</Filter>
    </ClCompile>
  </ItemGroup>
  <ItemGroup>
    <ClInclude Include="res\resource.h">
      <Filter>Resource Files</Filter>
    </ClInclude>
    <ClInclude Include="ListEx\ListEx.h">
      <Filter>ListEx</Filter>
    </ClInclude>
    <ClInclude Include="ListEx\src\CListEx.h">
      <Filter>ListEx\src</Filter>
    </ClInclude>
    <ClInclude Include="ListEx\src\CListExHdr.h">
      <Filter>ListEx\src</Filter>
    </ClInclude>
    <ClInclude Include="ChildFrm.h">
      <Filter>Header Files</Filter>
    </ClInclude>
    <ClInclude Include="CFileLoader.h">
      <Filter>Header Files</Filter>
    </ClInclude>
    <ClInclude Include="HexCtrl.h">
      <Filter>Header Files</Filter>
    </ClInclude>
    <ClInclude Include="HexCtrlDefs.h">
      <Filter>Header Files</Filter>
    </ClInclude>
    <ClInclude Include="MainFrm.h">
      <Filter>Header Files</Filter>
    </ClInclude>
    <ClInclude Include="Pepper.h">
      <Filter>Header Files</Filter>
    </ClInclude>
    <ClInclude Include="PepperDoc.h">
      <Filter>Header Files</Filter>
    </ClInclude>
    <ClInclude Include="CSplitterEx.h">
      <Filter>Header Files</Filter>
    </ClInclude>
    <ClInclude Include="CTreeEx.h">
      <Filter>Header Files</Filter>
    </ClInclude>
    <ClInclude Include="Utility.h">
      <Filter>Header Files</Filter>
    </ClInclude>
    <ClInclude Include="CViewLeft.h">
      <Filter>Header Files</Filter>
    </ClInclude>
    <ClInclude Include="CViewRightBL.h">
      <Filter>Header Files</Filter>
    </ClInclude>
    <ClInclude Include="CViewRightBR.h">
      <Filter>Header Files</Filter>
    </ClInclude>
    <ClInclude Include="CViewRightTL.h">
      <Filter>Header Files</Filter>
    </ClInclude>
    <ClInclude Include="CViewRightTR.h">
      <Filter>Header Files</Filter>
    </ClInclude>
    <ClInclude Include="subm\libpe\src\libpe.h">
      <Filter>libpe</Filter>
    </ClInclude>
  </ItemGroup>
  <ItemGroup>
    <ResourceCompile Include="res\Pepper.rc">
      <Filter>Resource Files</Filter>
    </ResourceCompile>
  </ItemGroup>
  <ItemGroup>
    <Image Include="res\Pepper.ico">
      <Filter>Resource Files</Filter>
    </Image>
    <Image Include="res\Toolbar256.bmp">
      <Filter>Resource Files</Filter>
    </Image>
    <Image Include="res\IDI_TREE_PEDIRS.ico">
      <Filter>Resource Files</Filter>
    </Image>
    <Image Include="res\IDI_TREE_PEHEADER.ico">
      <Filter>Resource Files</Filter>
    </Image>
    <Image Include="res\IDI_TREE_PERESOURCE.ico">
      <Filter>Resource Files</Filter>
    </Image>
    <Image Include="res\IDI_HEXCTRL_LOGO.ico">
      <Filter>Resource Files</Filter>
    </Image>
  </ItemGroup>
  <ItemGroup>
    <Filter Include="Header Files">
      <UniqueIdentifier>{dd9e5743-0eb7-4288-b086-f07ca7d4d94b}</UniqueIdentifier>
    </Filter>
    <Filter Include="Source Files">
      <UniqueIdentifier>{cd13bbc1-cc1d-4c32-9266-cb1c8f9860a0}</UniqueIdentifier>
    </Filter>
    <Filter Include="Resource Files">
      <UniqueIdentifier>{1c6366ad-b8eb-472e-8430-81d16a2baf60}</UniqueIdentifier>
    </Filter>
    <Filter Include="ListEx">
      <UniqueIdentifier>{0a64e748-b993-4684-bad2-e0f78d571c65}</UniqueIdentifier>
    </Filter>
    <Filter Include="ListEx\src">
      <UniqueIdentifier>{800c295d-05bb-4244-b815-c17969a20963}</UniqueIdentifier>
    </Filter>
    <Filter Include="libpe">
      <UniqueIdentifier>{f8db6cd1-0956-4922-9246-354d3922ab5d}</UniqueIdentifier>
    </Filter>
  </ItemGroup>
  <ItemGroup>
    <None Include="res\Pepper.rc2">
      <Filter>Resource Files</Filter>
    </None>
  </ItemGroup>
</Project>