<?xml version="1.0" encoding="utf-8"?>
<Project ToolsVersion="4.0" xmlns="http://schemas.microsoft.com/developer/msbuild/2003">
  <ItemGroup>
    <ClCompile Include="CChildFrm.cpp">
      <Filter>Source Files</Filter>
    </ClCompile>
    <ClCompile Include="CMainFrm.cpp">
      <Filter>Source Files</Filter>
    </ClCompile>
    <ClCompile Include="CPepper.cpp">
      <Filter>Source Files</Filter>
    </ClCompile>
    <ClCompile Include="CPepperDoc.cpp">
      <Filter>Source Files</Filter>
    </ClCompile>
    <ClCompile Include="CSplitterEx.cpp">
      <Filter>Source Files</Filter>
    </ClCompile>
    <ClCompile Include="stdafx.cpp">
      <Filter>Source Files</Filter>
    </ClCompile>
    <ClCompile Include="CTreeEx.cpp">
      <Filter>Source Files</Filter>
    </ClCompile>
    <ClCompile Include="CViewLeft.cpp">
      <Filter>Source Files</Filter>
    </ClCompile>
    <ClCompile Include="CViewRightBL.cpp">
      <Filter>Source Files</Filter>
    </ClCompile>
    <ClCompile Include="CViewRightBR.cpp">
      <Filter>Source Files</Filter>
    </ClCompile>
    <ClCompile Include="CViewRightTL.cpp">
      <Filter>Source Files</Filter>
    </ClCompile>
    <ClCompile Include="CViewRightTR.cpp">
      <Filter>Source Files</Filter>
    </ClCompile>
    <ClCompile Include="CFileLoader.cpp">
      <Filter>Source Files</Filter>
    </ClCompile>
    <ClCompile Include="Utility.ixx">
      <Filter>Header Files</Filter>
    </ClCompile>
    <ClCompile Include="dep\libpe\src\libpe.cpp">
      <Filter>libpe</Filter>
    </ClCompile>
    <ClCompile Include="dep\HexCtrl\HexCtrl\dep\ListEx\CListEx.cpp">
      <Filter>HexCtrl</Filter>
    </ClCompile>
    <ClCompile Include="dep\HexCtrl\HexCtrl\src\CHexCtrl.cpp">
      <Filter>HexCtrl</Filter>
    </ClCompile>
    <ClCompile Include="dep\HexCtrl\HexCtrl\src\CHexSelection.cpp">
      <Filter>HexCtrl</Filter>
    </ClCompile>
    <ClCompile Include="dep\HexCtrl\HexCtrl\src\CScrollEx.cpp">
      <Filter>HexCtrl</Filter>
    </ClCompile>
    <ClCompile Include="dep\HexCtrl\HexCtrl\src\Dialogs\CHexDlgBkmMgr.cpp">
      <Filter>HexCtrl</Filter>
    </ClCompile>
    <ClCompile Include="dep\HexCtrl\HexCtrl\src\Dialogs\CHexDlgBkmProps.cpp">
      <Filter>HexCtrl</Filter>
    </ClCompile>
    <ClCompile Include="dep\HexCtrl\HexCtrl\src\Dialogs\CHexDlgCallback.cpp">
      <Filter>HexCtrl</Filter>
    </ClCompile>
    <ClCompile Include="dep\HexCtrl\HexCtrl\src\Dialogs\CHexDlgDataInterp.cpp">
      <Filter>HexCtrl</Filter>
    </ClCompile>
    <ClCompile Include="dep\HexCtrl\HexCtrl\src\Dialogs\CHexDlgEncoding.cpp">
      <Filter>HexCtrl</Filter>
    </ClCompile>
    <ClCompile Include="dep\HexCtrl\HexCtrl\src\Dialogs\CHexDlgFillData.cpp">
      <Filter>HexCtrl</Filter>
    </ClCompile>
    <ClCompile Include="dep\HexCtrl\HexCtrl\src\Dialogs\CHexDlgGoTo.cpp">
      <Filter>HexCtrl</Filter>
    </ClCompile>
    <ClCompile Include="dep\HexCtrl\HexCtrl\src\Dialogs\CHexDlgOpers.cpp">
      <Filter>HexCtrl</Filter>
    </ClCompile>
    <ClCompile Include="dep\HexCtrl\HexCtrl\src\Dialogs\CHexDlgSearch.cpp">
      <Filter>HexCtrl</Filter>
    </ClCompile>
    <ClCompile Include="dep\HexCtrl\HexCtrl\src\Dialogs\CHexDlgTemplMgr.cpp">
      <Filter>HexCtrl</Filter>
    </ClCompile>
    <ClCompile Include="dep\HexCtrl\HexCtrl\src\HexUtility.cpp">
      <Filter>HexCtrl</Filter>
    </ClCompile>
  </ItemGroup>
  <ItemGroup>
    <ClInclude Include="res\resource.h">
      <Filter>Resource Files</Filter>
    </ClInclude>
    <ClInclude Include="CChildFrm.h">
      <Filter>Header Files</Filter>
    </ClInclude>
    <ClInclude Include="CFileLoader.h">
      <Filter>Header Files</Filter>
    </ClInclude>
    <ClInclude Include="CMainFrm.h">
      <Filter>Header Files</Filter>
    </ClInclude>
    <ClInclude Include="CPepper.h">
      <Filter>Header Files</Filter>
    </ClInclude>
    <ClInclude Include="CPepperDoc.h">
      <Filter>Header Files</Filter>
    </ClInclude>
    <ClInclude Include="CSplitterEx.h">
      <Filter>Header Files</Filter>
    </ClInclude>
    <ClInclude Include="CTreeEx.h">
      <Filter>Header Files</Filter>
    </ClInclude>
    <ClInclude Include="CViewLeft.h">
      <Filter>Header Files</Filter>
    </ClInclude>
    <ClInclude Include="CViewRightBL.h">
      <Filter>Header Files</Filter>
    </ClInclude>
    <ClInclude Include="CViewRightBR.h">
      <Filter>Header Files</Filter>
    </ClInclude>
    <ClInclude Include="CViewRightTL.h">
      <Filter>Header Files</Filter>
    </ClInclude>
    <ClInclude Include="CViewRightTR.h">
      <Filter>Header Files</Filter>
    </ClInclude>
    <ClInclude Include="stdafx.h">
      <Filter>Header Files</Filter>
    </ClInclude>
    <ClInclude Include="dep\libpe\src\libpe.h">
      <Filter>libpe</Filter>
    </ClInclude>
    <ClInclude Include="dep\HexCtrl\HexCtrl\dep\ListEx\ListEx.h">
      <Filter>HexCtrl</Filter>
    </ClInclude>
    <ClInclude Include="dep\HexCtrl\HexCtrl\dep\StrToNum\StrToNum.h">
      <Filter>HexCtrl</Filter>
    </ClInclude>
    <ClInclude Include="dep\HexCtrl\HexCtrl\res\HexCtrlRes.h">
      <Filter>HexCtrl</Filter>
    </ClInclude>
    <ClInclude Include="dep\HexCtrl\HexCtrl\src\CHexCtrl.h">
      <Filter>HexCtrl</Filter>
    </ClInclude>
    <ClInclude Include="dep\HexCtrl\HexCtrl\src\CHexSelection.h">
      <Filter>HexCtrl</Filter>
    </ClInclude>
    <ClInclude Include="dep\HexCtrl\HexCtrl\src\CScrollEx.h">
      <Filter>HexCtrl</Filter>
    </ClInclude>
    <ClInclude Include="dep\HexCtrl\HexCtrl\src\Dialogs\CHexDlgBkmMgr.h">
      <Filter>HexCtrl</Filter>
    </ClInclude>
    <ClInclude Include="dep\HexCtrl\HexCtrl\src\Dialogs\CHexDlgBkmProps.h">
      <Filter>HexCtrl</Filter>
    </ClInclude>
    <ClInclude Include="dep\HexCtrl\HexCtrl\src\Dialogs\CHexDlgCallback.h">
      <Filter>HexCtrl</Filter>
    </ClInclude>
    <ClInclude Include="dep\HexCtrl\HexCtrl\src\Dialogs\CHexDlgDataInterp.h">
      <Filter>HexCtrl</Filter>
    </ClInclude>
    <ClInclude Include="dep\HexCtrl\HexCtrl\src\Dialogs\CHexDlgEncoding.h">
      <Filter>HexCtrl</Filter>
    </ClInclude>
    <ClInclude Include="dep\HexCtrl\HexCtrl\src\Dialogs\CHexDlgFillData.h">
      <Filter>HexCtrl</Filter>
    </ClInclude>
    <ClInclude Include="dep\HexCtrl\HexCtrl\src\Dialogs\CHexDlgGoTo.h">
      <Filter>HexCtrl</Filter>
    </ClInclude>
    <ClInclude Include="dep\HexCtrl\HexCtrl\src\Dialogs\CHexDlgOpers.h">
      <Filter>HexCtrl</Filter>
    </ClInclude>
    <ClInclude Include="dep\HexCtrl\HexCtrl\src\Dialogs\CHexDlgSearch.h">
      <Filter>HexCtrl</Filter>
    </ClInclude>
    <ClInclude Include="dep\HexCtrl\HexCtrl\src\Dialogs\CHexDlgTemplMgr.h">
      <Filter>HexCtrl</Filter>
    </ClInclude>
    <ClInclude Include="dep\HexCtrl\HexCtrl\src\HexUtility.h">
      <Filter>HexCtrl</Filter>
    </ClInclude>
    <ClInclude Include="dep\HexCtrl\HexCtrl\HexCtrl.h">
      <Filter>HexCtrl</Filter>
    </ClInclude>
    <ClInclude Include="dep\HexCtrl\HexCtrl\HexCtrlDefs.h">
      <Filter>HexCtrl</Filter>
    </ClInclude>
  </ItemGroup>
  <ItemGroup>
    <ResourceCompile Include="res\Pepper.rc">
      <Filter>Resource Files</Filter>
    </ResourceCompile>
    <ResourceCompile Include="dep\HexCtrl\HexCtrl\res\HexCtrl.rc">
      <Filter>HexCtrl</Filter>
    </ResourceCompile>
  </ItemGroup>
  <ItemGroup>
    <Image Include="res\Pepper.ico">
      <Filter>Resource Files</Filter>
    </Image>
    <Image Include="res\Toolbar256.bmp">
      <Filter>Resource Files</Filter>
    </Image>
    <Image Include="res\IDI_TREE_PEDIRS.ico">
      <Filter>Resource Files</Filter>
    </Image>
    <Image Include="res\IDI_TREE_PEHEADER.ico">
      <Filter>Resource Files</Filter>
    </Image>
    <Image Include="res\IDI_TREE_PERESOURCE.ico">
      <Filter>Resource Files</Filter>
    </Image>
    <Image Include="res\IDI_HEXCTRL_LOGO.ico">
      <Filter>Resource Files</Filter>
    </Image>
  </ItemGroup>
  <ItemGroup>
    <Filter Include="Header Files">
      <UniqueIdentifier>{dd9e5743-0eb7-4288-b086-f07ca7d4d94b}</UniqueIdentifier>
    </Filter>
    <Filter Include="Source Files">
      <UniqueIdentifier>{cd13bbc1-cc1d-4c32-9266-cb1c8f9860a0}</UniqueIdentifier>
    </Filter>
    <Filter Include="Resource Files">
      <UniqueIdentifier>{1c6366ad-b8eb-472e-8430-81d16a2baf60}</UniqueIdentifier>
    </Filter>
    <Filter Include="libpe">
      <UniqueIdentifier>{f8db6cd1-0956-4922-9246-354d3922ab5d}</UniqueIdentifier>
    </Filter>
    <Filter Include="HexCtrl">
      <UniqueIdentifier>{523cad8d-113d-4e2f-84ae-c3a434c4936e}</UniqueIdentifier>
    </Filter>
  </ItemGroup>
  <ItemGroup>
    <None Include="res\Pepper.rc2">
      <Filter>Resource Files</Filter>
    </None>
  </ItemGroup>
</Project>